// !$*UTF8*$!
{
	archiveVersion = 1;
	classes = {
	};
	objectVersion = 50;
	objects = {

/* Begin PBXBuildFile section */
		E696A89E2629D6C600C0261B /* AppDelegate.swift in Sources */ = {isa = PBXBuildFile; fileRef = E696A89D2629D6C600C0261B /* AppDelegate.swift */; };
		E696A8A02629D6C600C0261B /* SceneDelegate.swift in Sources */ = {isa = PBXBuildFile; fileRef = E696A89F2629D6C600C0261B /* SceneDelegate.swift */; };
		E696A8A22629D6C600C0261B /* ContentView.swift in Sources */ = {isa = PBXBuildFile; fileRef = E696A8A12629D6C600C0261B /* ContentView.swift */; };
		E696A8A52629D6C600C0261B /* SportAPI.xcdatamodeld in Sources */ = {isa = PBXBuildFile; fileRef = E696A8A32629D6C600C0261B /* SportAPI.xcdatamodeld */; };
		E696A8A72629D6C700C0261B /* Assets.xcassets in Resources */ = {isa = PBXBuildFile; fileRef = E696A8A62629D6C700C0261B /* Assets.xcassets */; };
		E696A8AA2629D6C700C0261B /* Preview Assets.xcassets in Resources */ = {isa = PBXBuildFile; fileRef = E696A8A92629D6C700C0261B /* Preview Assets.xcassets */; };
		E696A8AD2629D6C700C0261B /* LaunchScreen.storyboard in Resources */ = {isa = PBXBuildFile; fileRef = E696A8AB2629D6C700C0261B /* LaunchScreen.storyboard */; };
/* End PBXBuildFile section */

/* Begin PBXFileReference section */
		E696A89A2629D6C600C0261B /* SportAPI.app */ = {isa = PBXFileReference; explicitFileType = wrapper.application; includeInIndex = 0; path = SportAPI.app; sourceTree = BUILT_PRODUCTS_DIR; };
		E696A89D2629D6C600C0261B /* AppDelegate.swift */ = {isa = PBXFileReference; lastKnownFileType = sourcecode.swift; path = AppDelegate.swift; sourceTree = "<group>"; };
		E696A89F2629D6C600C0261B /* SceneDelegate.swift */ = {isa = PBXFileReference; lastKnownFileType = sourcecode.swift; path = SceneDelegate.swift; sourceTree = "<group>"; };
		E696A8A12629D6C600C0261B /* ContentView.swift */ = {isa = PBXFileReference; lastKnownFileType = sourcecode.swift; path = ContentView.swift; sourceTree = "<group>"; };
		E696A8A42629D6C600C0261B /* SportAPI.xcdatamodel */ = {isa = PBXFileReference; lastKnownFileType = wrapper.xcdatamodel; path = SportAPI.xcdatamodel; sourceTree = "<group>"; };
		E696A8A62629D6C700C0261B /* Assets.xcassets */ = {isa = PBXFileReference; lastKnownFileType = folder.assetcatalog; path = Assets.xcassets; sourceTree = "<group>"; };
		E696A8A92629D6C700C0261B /* Preview Assets.xcassets */ = {isa = PBXFileReference; lastKnownFileType = folder.assetcatalog; path = "Preview Assets.xcassets"; sourceTree = "<group>"; };
		E696A8AC2629D6C700C0261B /* Base */ = {isa = PBXFileReference; lastKnownFileType = file.storyboard; name = Base; path = Base.lproj/LaunchScreen.storyboard; sourceTree = "<group>"; };
		E696A8AE2629D6C700C0261B /* Info.plist */ = {isa = PBXFileReference; lastKnownFileType = text.plist.xml; path = Info.plist; sourceTree = "<group>"; };
/* End PBXFileReference section */

/* Begin PBXFrameworksBuildPhase section */
		E696A8972629D6C600C0261B /* Frameworks */ = {
			isa = PBXFrameworksBuildPhase;
			buildActionMask = 2147483647;
			files = (
			);
			runOnlyForDeploymentPostprocessing = 0;
		};
/* End PBXFrameworksBuildPhase section */

/* Begin PBXGroup section */
		E696A8912629D6C600C0261B = {
			isa = PBXGroup;
			children = (
				E696A89C2629D6C600C0261B /* SportAPI */,
				E696A89B2629D6C600C0261B /* Products */,
			);
			sourceTree = "<group>";
		};
		E696A89B2629D6C600C0261B /* Products */ = {
			isa = PBXGroup;
			children = (
				E696A89A2629D6C600C0261B /* SportAPI.app */,
			);
			name = Products;
			sourceTree = "<group>";
		};
		E696A89C2629D6C600C0261B /* SportAPI */ = {
			isa = PBXGroup;
			children = (
				E696A89D2629D6C600C0261B /* AppDelegate.swift */,
				E696A89F2629D6C600C0261B /* SceneDelegate.swift */,
				E696A8A12629D6C600C0261B /* ContentView.swift */,
				E696A8A62629D6C700C0261B /* Assets.xcassets */,
				E696A8AB2629D6C700C0261B /* LaunchScreen.storyboard */,
				E696A8AE2629D6C700C0261B /* Info.plist */,
				E696A8A32629D6C600C0261B /* SportAPI.xcdatamodeld */,
				E696A8A82629D6C700C0261B /* Preview Content */,
			);
			path = SportAPI;
			sourceTree = "<group>";
		};
		E696A8A82629D6C700C0261B /* Preview Content */ = {
			isa = PBXGroup;
			children = (
				E696A8A92629D6C700C0261B /* Preview Assets.xcassets */,
			);
			path = "Preview Content";
			sourceTree = "<group>";
		};
/* End PBXGroup section */

/* Begin PBXNativeTarget section */
		E696A8992629D6C600C0261B /* SportAPI */ = {
			isa = PBXNativeTarget;
			buildConfigurationList = E696A8B12629D6C700C0261B /* Build configuration list for PBXNativeTarget "SportAPI" */;
			buildPhases = (
				E696A8962629D6C600C0261B /* Sources */,
				E696A8972629D6C600C0261B /* Frameworks */,
				E696A8982629D6C600C0261B /* Resources */,
			);
			buildRules = (
			);
			dependencies = (
			);
			name = SportAPI;
			productName = SportAPI;
			productReference = E696A89A2629D6C600C0261B /* SportAPI.app */;
			productType = "com.apple.product-type.application";
		};
/* End PBXNativeTarget section */

/* Begin PBXProject section */
		E696A8922629D6C600C0261B /* Project object */ = {
			isa = PBXProject;
			attributes = {
				LastSwiftUpdateCheck = 1240;
				LastUpgradeCheck = 1240;
				TargetAttributes = {
					E696A8992629D6C600C0261B = {
						CreatedOnToolsVersion = 12.4;
					};
				};
			};
			buildConfigurationList = E696A8952629D6C600C0261B /* Build configuration list for PBXProject "SportAPI" */;
			compatibilityVersion = "Xcode 9.3";
			developmentRegion = en;
			hasScannedForEncodings = 0;
			knownRegions = (
				en,
				Base,
			);
			mainGroup = E696A8912629D6C600C0261B;
			productRefGroup = E696A89B2629D6C600C0261B /* Products */;
			projectDirPath = "";
			projectRoot = "";
			targets = (
				E696A8992629D6C600C0261B /* SportAPI */,
			);
		};
/* End PBXProject section */

/* Begin PBXResourcesBuildPhase section */
		E696A8982629D6C600C0261B /* Resources */ = {
			isa = PBXResourcesBuildPhase;
			buildActionMask = 2147483647;
			files = (
				E696A8AD2629D6C700C0261B /* LaunchScreen.storyboard in Resources */,
				E696A8AA2629D6C700C0261B /* Preview Assets.xcassets in Resources */,
				E696A8A72629D6C700C0261B /* Assets.xcassets in Resources */,
			);
			runOnlyForDeploymentPostprocessing = 0;
		};
/* End PBXResourcesBuildPhase section */

/* Begin PBXSourcesBuildPhase section */
		E696A8962629D6C600C0261B /* Sources */ = {
			isa = PBXSourcesBuildPhase;
			buildActionMask = 2147483647;
			files = (
				E696A89E2629D6C600C0261B /* AppDelegate.swift in Sources */,
				E696A8A02629D6C600C0261B /* SceneDelegate.swift in Sources */,
				E696A8A22629D6C600C0261B /* ContentView.swift in Sources */,
				E696A8A52629D6C600C0261B /* SportAPI.xcdatamodeld in Sources */,
			);
			runOnlyForDeploymentPostprocessing = 0;
		};
/* End PBXSourcesBuildPhase section */

/* Begin PBXVariantGroup section */
		E696A8AB2629D6C700C0261B /* LaunchScreen.storyboard */ = {
			isa = PBXVariantGroup;
			children = (
				E696A8AC2629D6C700C0261B /* Base */,
			);
			name = LaunchScreen.storyboard;
			sourceTree = "<group>";
		};
/* End PBXVariantGroup section */

/* Begin XCBuildConfiguration section */
		E696A8AF2629D6C700C0261B /* Debug */ = {
			isa = XCBuildConfiguration;
			buildSettings = {
				ALWAYS_SEARCH_USER_PATHS = NO;
				CLANG_ANALYZER_NONNULL = YES;
				CLANG_ANALYZER_NUMBER_OBJECT_CONVERSION = YES_AGGRESSIVE;
				CLANG_CXX_LANGUAGE_STANDARD = "gnu++14";
				CLANG_CXX_LIBRARY = "libc++";
				CLANG_ENABLE_MODULES = YES;
				CLANG_ENABLE_OBJC_ARC = YES;
				CLANG_ENABLE_OBJC_WEAK = YES;
				CLANG_WARN_BLOCK_CAPTURE_AUTORELEASING = YES;
				CLANG_WARN_BOOL_CONVERSION = YES;
				CLANG_WARN_COMMA = YES;
				CLANG_WARN_CONSTANT_CONVERSION = YES;
				CLANG_WARN_DEPRECATED_OBJC_IMPLEMENTATIONS = YES;
				CLANG_WARN_DIRECT_OBJC_ISA_USAGE = YES_ERROR;
				CLANG_WARN_DOCUMENTATION_COMMENTS = YES;
				CLANG_WARN_EMPTY_BODY = YES;
				CLANG_WARN_ENUM_CONVERSION = YES;
				CLANG_WARN_INFINITE_RECURSION = YES;
				CLANG_WARN_INT_CONVERSION = YES;
				CLANG_WARN_NON_LITERAL_NULL_CONVERSION = YES;
				CLANG_WARN_OBJC_IMPLICIT_RETAIN_SELF = YES;
				CLANG_WARN_OBJC_LITERAL_CONVERSION = YES;
				CLANG_WARN_OBJC_ROOT_CLASS = YES_ERROR;
				CLANG_WARN_QUOTED_INCLUDE_IN_FRAMEWORK_HEADER = YES;
				CLANG_WARN_RANGE_LOOP_ANALYSIS = YES;
				CLANG_WARN_STRICT_PROTOTYPES = YES;
				CLANG_WARN_SUSPICIOUS_MOVE = YES;
				CLANG_WARN_UNGUARDED_AVAILABILITY = YES_AGGRESSIVE;
				CLANG_WARN_UNREACHABLE_CODE = YES;
				CLANG_WARN__DUPLICATE_METHOD_MATCH = YES;
				COPY_PHASE_STRIP = NO;
				DEBUG_INFORMATION_FORMAT = dwarf;
				ENABLE_STRICT_OBJC_MSGSEND = YES;
				ENABLE_TESTABILITY = YES;
				GCC_C_LANGUAGE_STANDARD = gnu11;
				GCC_DYNAMIC_NO_PIC = NO;
				GCC_NO_COMMON_BLOCKS = YES;
				GCC_OPTIMIZATION_LEVEL = 0;
				GCC_PREPROCESSOR_DEFINITIONS = (
					"DEBUG=1",
					"$(inherited)",
				);
				GCC_WARN_64_TO_32_BIT_CONVERSION = YES;
				GCC_WARN_ABOUT_RETURN_TYPE = YES_ERROR;
				GCC_WARN_UNDECLARED_SELECTOR = YES;
				GCC_WARN_UNINITIALIZED_AUTOS = YES_AGGRESSIVE;
				GCC_WARN_UNUSED_FUNCTION = YES;
				GCC_WARN_UNUSED_VARIABLE = YES;
				IPHONEOS_DEPLOYMENT_TARGET = 14.4;
				MTL_ENABLE_DEBUG_INFO = INCLUDE_SOURCE;
				MTL_FAST_MATH = YES;
				ONLY_ACTIVE_ARCH = YES;
				SDKROOT = iphoneos;
				SWIFT_ACTIVE_COMPILATION_CONDITIONS = DEBUG;
				SWIFT_OPTIMIZATION_LEVEL = "-Onone";
			};
			name = Debug;
		};
		E696A8B02629D6C700C0261B /* Release */ = {
			isa = XCBuildConfiguration;
			buildSettings = {
				ALWAYS_SEARCH_USER_PATHS = NO;
				CLANG_ANALYZER_NONNULL = YES;
				CLANG_ANALYZER_NUMBER_OBJECT_CONVERSION = YES_AGGRESSIVE;
				CLANG_CXX_LANGUAGE_STANDARD = "gnu++14";
				CLANG_CXX_LIBRARY = "libc++";
				CLANG_ENABLE_MODULES = YES;
				CLANG_ENABLE_OBJC_ARC = YES;
				CLANG_ENABLE_OBJC_WEAK = YES;
				CLANG_WARN_BLOCK_CAPTURE_AUTORELEASING = YES;
				CLANG_WARN_BOOL_CONVERSION = YES;
				CLANG_WARN_COMMA = YES;
				CLANG_WARN_CONSTANT_CONVERSION = YES;
				CLANG_WARN_DEPRECATED_OBJC_IMPLEMENTATIONS = YES;
				CLANG_WARN_DIRECT_OBJC_ISA_USAGE = YES_ERROR;
				CLANG_WARN_DOCUMENTATION_COMMENTS = YES;
				CLANG_WARN_EMPTY_BODY = YES;
				CLANG_WARN_ENUM_CONVERSION = YES;
				CLANG_WARN_INFINITE_RECURSION = YES;
				CLANG_WARN_INT_CONVERSION = YES;
				CLANG_WARN_NON_LITERAL_NULL_CONVERSION = YES;
				CLANG_WARN_OBJC_IMPLICIT_RETAIN_SELF = YES;
				CLANG_WARN_OBJC_LITERAL_CONVERSION = YES;
				CLANG_WARN_OBJC_ROOT_CLASS = YES_ERROR;
				CLANG_WARN_QUOTED_INCLUDE_IN_FRAMEWORK_HEADER = YES;
				CLANG_WARN_RANGE_LOOP_ANALYSIS = YES;
				CLANG_WARN_STRICT_PROTOTYPES = YES;
				CLANG_WARN_SUSPICIOUS_MOVE = YES;
				CLANG_WARN_UNGUARDED_AVAILABILITY = YES_AGGRESSIVE;
				CLANG_WARN_UNREACHABLE_CODE = YES;
				CLANG_WARN__DUPLICATE_METHOD_MATCH = YES;
				COPY_PHASE_STRIP = NO;
				DEBUG_INFORMATION_FORMAT = "dwarf-with-dsym";
				ENABLE_NS_ASSERTIONS = NO;
				ENABLE_STRICT_OBJC_MSGSEND = YES;
				GCC_C_LANGUAGE_STANDARD = gnu11;
				GCC_NO_COMMON_BLOCKS = YES;
				GCC_WARN_64_TO_32_BIT_CONVERSION = YES;
				GCC_WARN_ABOUT_RETURN_TYPE = YES_ERROR;
				GCC_WARN_UNDECLARED_SELECTOR = YES;
				GCC_WARN_UNINITIALIZED_AUTOS = YES_AGGRESSIVE;
				GCC_WARN_UNUSED_FUNCTION = YES;
				GCC_WARN_UNUSED_VARIABLE = YES;
				IPHONEOS_DEPLOYMENT_TARGET = 14.4;
				MTL_ENABLE_DEBUG_INFO = NO;
				MTL_FAST_MATH = YES;
				SDKROOT = iphoneos;
				SWIFT_COMPILATION_MODE = wholemodule;
				SWIFT_OPTIMIZATION_LEVEL = "-O";
				VALIDATE_PRODUCT = YES;
			};
			name = Release;
		};
		E696A8B22629D6C700C0261B /* Debug */ = {
			isa = XCBuildConfiguration;
			buildSettings = {
				ASSETCATALOG_COMPILER_APPICON_NAME = AppIcon;
				ASSETCATALOG_COMPILER_GLOBAL_ACCENT_COLOR_NAME = AccentColor;
				CODE_SIGN_STYLE = Automatic;
				DEVELOPMENT_ASSET_PATHS = "\"SportAPI/Preview Content\"";
				DEVELOPMENT_TEAM = DFLMAHM5B7;
				ENABLE_PREVIEWS = YES;
				INFOPLIST_FILE = SportAPI/Info.plist;
				LD_RUNPATH_SEARCH_PATHS = (
					"$(inherited)",
					"@executable_path/Frameworks",
				);
				PRODUCT_BUNDLE_IDENTIFIER = NeoFact.com.SportAPI;
				PRODUCT_NAME = "$(TARGET_NAME)";
				SWIFT_VERSION = 5.0;
				TARGETED_DEVICE_FAMILY = "1,2";
			};
			name = Debug;
		};
		E696A8B32629D6C700C0261B /* Release */ = {
			isa = XCBuildConfiguration;
			buildSettings = {
				ASSETCATALOG_COMPILER_APPICON_NAME = AppIcon;
				ASSETCATALOG_COMPILER_GLOBAL_ACCENT_COLOR_NAME = AccentColor;
				CODE_SIGN_STYLE = Automatic;
				DEVELOPMENT_ASSET_PATHS = "\"SportAPI/Preview Content\"";
				DEVELOPMENT_TEAM = DFLMAHM5B7;
				ENABLE_PREVIEWS = YES;
				INFOPLIST_FILE = SportAPI/Info.plist;
				LD_RUNPATH_SEARCH_PATHS = (
					"$(inherited)",
					"@executable_path/Frameworks",
				);
				PRODUCT_BUNDLE_IDENTIFIER = NeoFact.com.SportAPI;
				PRODUCT_NAME = "$(TARGET_NAME)";
				SWIFT_VERSION = 5.0;
				TARGETED_DEVICE_FAMILY = "1,2";
			};
			name = Release;
		};
/* End XCBuildConfiguration section */

/* Begin XCConfigurationList section */
		E696A8952629D6C600C0261B /* Build configuration list for PBXProject "SportAPI" */ = {
			isa = XCConfigurationList;
			buildConfigurations = (
				E696A8AF2629D6C700C0261B /* Debug */,
				E696A8B02629D6C700C0261B /* Release */,
			);
			defaultConfigurationIsVisible = 0;
			defaultConfigurationName = Release;
		};
		E696A8B12629D6C700C0261B /* Build configuration list for PBXNativeTarget "SportAPI" */ = {
			isa = XCConfigurationList;
			buildConfigurations = (
				E696A8B22629D6C700C0261B /* Debug */,
				E696A8B32629D6C700C0261B /* Release */,
			);
			defaultConfigurationIsVisible = 0;
			defaultConfigurationName = Release;
		};
/* End XCConfigurationList section */

/* Begin XCVersionGroup section */
		E696A8A32629D6C600C0261B /* SportAPI.xcdatamodeld */ = {
			isa = XCVersionGroup;
			children = (
				E696A8A42629D6C600C0261B /* SportAPI.xcdatamodel */,
			);
			currentVersion = E696A8A42629D6C600C0261B /* SportAPI.xcdatamodel */;
			path = SportAPI.xcdatamodeld;
			sourceTree = "<group>";
			versionGroupType = wrapper.xcdatamodel;
		};
/* End XCVersionGroup section */
	};
	rootObject = E696A8922629D6C600C0261B /* Project object */;
}
